PODS:
  - Alamofire (4.8.2)
  - SwiftyJSON (4.3.0)

DEPENDENCIES:
  - Alamofire (~> 4.8.1)
  - SwiftyJSON (~> 4.0)

SPEC REPOS:
  https://github.com/cocoapods/specs.git:
    - Alamofire
    - SwiftyJSON

SPEC CHECKSUMS:
  Alamofire: ae5c501addb7afdbb13687d7f2f722c78734c2d3
  SwiftyJSON: 6faa0040f8b59dead0ee07436cbf76b73c08fd08

PODFILE CHECKSUM: b14312841cded0720ad8dbd7f975fe60519c53df

COCOAPODS: 1.5.3
